
Microsoft Visual Studio Solution File, Format Version 12.00
# Visual Studio Version 16
VisualStudioVersion = 16.0.30011.22
MinimumVisualStudioVersion = 10.0.40219.1
Project("{9A19103F-16F7-4668-BE54-9A1E7A4F7556}") = "GiGraph.Examples", "GiGraph.Examples\GiGraph.Examples.csproj", "{A9472EBB-A99C-4533-A081-75DEABC15CD9}"
EndProject
Project("{9A19103F-16F7-4668-BE54-9A1E7A4F7556}") = "GiGraph.Dot.Entities", "GiGraph.Dot.Entities\GiGraph.Dot.Entities.csproj", "{1A861052-3B71-42B0-A667-E859CC554640}"
EndProject
Project("{9A19103F-16F7-4668-BE54-9A1E7A4F7556}") = "GiGraph.Dot.Output.Generators", "GiGraph.Dot.Output.Generators\GiGraph.Dot.Output.Generators.csproj", "{0DBB96E9-0379-49AB-9A08-7D61C64C8ACF}"
EndProject
Project("{9A19103F-16F7-4668-BE54-9A1E7A4F7556}") = "GiGraph.Dot.Output.Writers", "GiGraph.Dot.Output.Writers\GiGraph.Dot.Output.Writers.csproj", "{197FDC91-76B3-44FC-8C24-ADC082435495}"
EndProject
Project("{9A19103F-16F7-4668-BE54-9A1E7A4F7556}") = "GiGraph.Dot", "GiGraph.Dot\GiGraph.Dot.csproj", "{BAC8EB9A-B449-4697-AC51-9A34FEDD0EC3}"
EndProject
Project("{FAE04EC0-301F-11D3-BF4B-00C04F79EFBC}") = "GiGraph.Dot.Output", "GiGraph.Dot.Output\GiGraph.Dot.Output.csproj", "{738795A3-54D5-443D-B827-E4E093BFE6F3}"
EndProject
Global
	GlobalSection(SolutionConfigurationPlatforms) = preSolution
		Debug|Any CPU = Debug|Any CPU
		Release|Any CPU = Release|Any CPU
	EndGlobalSection
	GlobalSection(ProjectConfigurationPlatforms) = postSolution
		{A9472EBB-A99C-4533-A081-75DEABC15CD9}.Debug|Any CPU.ActiveCfg = Debug|Any CPU
		{A9472EBB-A99C-4533-A081-75DEABC15CD9}.Debug|Any CPU.Build.0 = Debug|Any CPU
		{A9472EBB-A99C-4533-A081-75DEABC15CD9}.Release|Any CPU.ActiveCfg = Release|Any CPU
		{A9472EBB-A99C-4533-A081-75DEABC15CD9}.Release|Any CPU.Build.0 = Release|Any CPU
		{1A861052-3B71-42B0-A667-E859CC554640}.Debug|Any CPU.ActiveCfg = Debug|Any CPU
		{1A861052-3B71-42B0-A667-E859CC554640}.Debug|Any CPU.Build.0 = Debug|Any CPU
		{1A861052-3B71-42B0-A667-E859CC554640}.Release|Any CPU.ActiveCfg = Release|Any CPU
		{1A861052-3B71-42B0-A667-E859CC554640}.Release|Any CPU.Build.0 = Release|Any CPU
		{0DBB96E9-0379-49AB-9A08-7D61C64C8ACF}.Debug|Any CPU.ActiveCfg = Debug|Any CPU
		{0DBB96E9-0379-49AB-9A08-7D61C64C8ACF}.Debug|Any CPU.Build.0 = Debug|Any CPU
		{0DBB96E9-0379-49AB-9A08-7D61C64C8ACF}.Release|Any CPU.ActiveCfg = Release|Any CPU
		{0DBB96E9-0379-49AB-9A08-7D61C64C8ACF}.Release|Any CPU.Build.0 = Release|Any CPU
		{197FDC91-76B3-44FC-8C24-ADC082435495}.Debug|Any CPU.ActiveCfg = Debug|Any CPU
		{197FDC91-76B3-44FC-8C24-ADC082435495}.Debug|Any CPU.Build.0 = Debug|Any CPU
		{197FDC91-76B3-44FC-8C24-ADC082435495}.Release|Any CPU.ActiveCfg = Release|Any CPU
		{197FDC91-76B3-44FC-8C24-ADC082435495}.Release|Any CPU.Build.0 = Release|Any CPU
		{BAC8EB9A-B449-4697-AC51-9A34FEDD0EC3}.Debug|Any CPU.ActiveCfg = Debug|Any CPU
		{BAC8EB9A-B449-4697-AC51-9A34FEDD0EC3}.Debug|Any CPU.Build.0 = Debug|Any CPU
		{BAC8EB9A-B449-4697-AC51-9A34FEDD0EC3}.Release|Any CPU.ActiveCfg = Release|Any CPU
		{BAC8EB9A-B449-4697-AC51-9A34FEDD0EC3}.Release|Any CPU.Build.0 = Release|Any CPU
		{738795A3-54D5-443D-B827-E4E093BFE6F3}.Debug|Any CPU.ActiveCfg = Debug|Any CPU
		{738795A3-54D5-443D-B827-E4E093BFE6F3}.Debug|Any CPU.Build.0 = Debug|Any CPU
		{738795A3-54D5-443D-B827-E4E093BFE6F3}.Release|Any CPU.ActiveCfg = Release|Any CPU
		{738795A3-54D5-443D-B827-E4E093BFE6F3}.Release|Any CPU.Build.0 = Release|Any CPU
	EndGlobalSection
	GlobalSection(SolutionProperties) = preSolution
		HideSolutionNode = FALSE
	EndGlobalSection
	GlobalSection(ExtensibilityGlobals) = postSolution
		SolutionGuid = {E3360D57-72FA-438A-9E1A-DA7F873758C0}
	EndGlobalSection
EndGlobal
